
Microsoft Visual Studio Solution File, Format Version 12.00
# Visual Studio Version 17
VisualStudioVersion = 17.6.33815.320
MinimumVisualStudioVersion = 10.0.40219.1
Project("{FAE04EC0-301F-11D3-BF4B-00C04F79EFBC}") = "EventLine1Edge", "EventLine1Edge\EventLine1Edge.csproj", "{928BF9F9-E20B-4C99-969B-E9CD61665476}"
EndProject
Project("{FAE04EC0-301F-11D3-BF4B-00C04F79EFBC}") = "ConsoleHelper", "..\..\common\ConsoleHelper\ConsoleHelper.csproj", "{16BECAF8-43F3-44CD-B178-FE64F974CCDC}"
EndProject
Global
	GlobalSection(SolutionConfigurationPlatforms) = preSolution
		Debug|x64 = Debug|x64
		Release|x64 = Release|x64
	EndGlobalSection
	GlobalSection(ProjectConfigurationPlatforms) = postSolution
		{928BF9F9-E20B-4C99-969B-E9CD61665476}.Debug|x64.ActiveCfg = Debug|x64
		{928BF9F9-E20B-4C99-969B-E9CD61665476}.Debug|x64.Build.0 = Debug|x64
		{928BF9F9-E20B-4C99-969B-E9CD61665476}.Release|x64.ActiveCfg = Release|x64
		{16BECAF8-43F3-44CD-B178-FE64F974CCDC}.Debug|x64.ActiveCfg = Debug|x64
		{16BECAF8-43F3-44CD-B178-FE64F974CCDC}.Debug|x64.Build.0 = Debug|x64
		{16BECAF8-43F3-44CD-B178-FE64F974CCDC}.Release|x64.ActiveCfg = Release|x64
	EndGlobalSection
	GlobalSection(SolutionProperties) = preSolution
		HideSolutionNode = FALSE
	EndGlobalSection
	GlobalSection(ExtensibilityGlobals) = postSolution
		SolutionGuid = {D1F1EFE8-56A9-44F1-A0F6-A8C67FA5E013}
	EndGlobalSection
EndGlobal
