
Microsoft Visual Studio Solution File, Format Version 12.00
# Visual Studio Version 17
VisualStudioVersion = 17.4.33213.308
MinimumVisualStudioVersion = 10.0.40219.1
Project("{FAE04EC0-301F-11D3-BF4B-00C04F79EFBC}") = "ic4-property-dialog", "ic4-property-dialog\ic4-property-dialog.csproj", "{979F7100-812F-454B-ADCC-E6D91E375D81}"
EndProject
Project("{FAE04EC0-301F-11D3-BF4B-00C04F79EFBC}") = "PropertyView", "PropertyView\PropertyView.csproj", "{77CA8967-F71D-4CFA-A7E9-90F3667B3494}"
EndProject
Global
	GlobalSection(SolutionConfigurationPlatforms) = preSolution
		Debug|Any CPU = Debug|Any CPU
		Release|Any CPU = Release|Any CPU
	EndGlobalSection
	GlobalSection(ProjectConfigurationPlatforms) = postSolution
		{979F7100-812F-454B-ADCC-E6D91E375D81}.Debug|Any CPU.ActiveCfg = Debug|Any CPU
		{979F7100-812F-454B-ADCC-E6D91E375D81}.Debug|Any CPU.Build.0 = Debug|Any CPU
		{979F7100-812F-454B-ADCC-E6D91E375D81}.Release|Any CPU.ActiveCfg = Release|Any CPU
		{979F7100-812F-454B-ADCC-E6D91E375D81}.Release|Any CPU.Build.0 = Release|Any CPU
		{77CA8967-F71D-4CFA-A7E9-90F3667B3494}.Debug|Any CPU.ActiveCfg = Debug|Any CPU
		{77CA8967-F71D-4CFA-A7E9-90F3667B3494}.Debug|Any CPU.Build.0 = Debug|Any CPU
		{77CA8967-F71D-4CFA-A7E9-90F3667B3494}.Release|Any CPU.ActiveCfg = Release|Any CPU
		{77CA8967-F71D-4CFA-A7E9-90F3667B3494}.Release|Any CPU.Build.0 = Release|Any CPU
	EndGlobalSection
	GlobalSection(SolutionProperties) = preSolution
		HideSolutionNode = FALSE
	EndGlobalSection
	GlobalSection(ExtensibilityGlobals) = postSolution
		SolutionGuid = {DDE01086-6EA6-4E21-B10A-2950509C850B}
	EndGlobalSection
EndGlobal
