
Microsoft Visual Studio Solution File, Format Version 12.00
# Visual Studio Version 17
VisualStudioVersion = 17.4.33213.308
MinimumVisualStudioVersion = 10.0.40219.1
Project("{9A19103F-16F7-4668-BE54-9A1E7A4F7556}") = "ic4-ctrl", "ic4-ctrl\ic4-ctrl.csproj", "{3480643F-CDE2-4D6D-977C-84ED8B892F2A}"
EndProject
Project("{9A19103F-16F7-4668-BE54-9A1E7A4F7556}") = "ConsoleHelper", "..\common\ConsoleHelper\ConsoleHelper.csproj", "{31A516A8-AC83-4181-ACA5-81793B628124}"
EndProject
Global
	GlobalSection(SolutionConfigurationPlatforms) = preSolution
		Debug|Any CPU = Debug|Any CPU
		Release|Any CPU = Release|Any CPU
	EndGlobalSection
	GlobalSection(ProjectConfigurationPlatforms) = postSolution
		{3480643F-CDE2-4D6D-977C-84ED8B892F2A}.Debug|Any CPU.ActiveCfg = Debug|Any CPU
		{3480643F-CDE2-4D6D-977C-84ED8B892F2A}.Debug|Any CPU.Build.0 = Debug|Any CPU
		{3480643F-CDE2-4D6D-977C-84ED8B892F2A}.Release|Any CPU.ActiveCfg = Release|Any CPU
		{3480643F-CDE2-4D6D-977C-84ED8B892F2A}.Release|Any CPU.Build.0 = Release|Any CPU
		{31A516A8-AC83-4181-ACA5-81793B628124}.Debug|Any CPU.ActiveCfg = Debug|Any CPU
		{31A516A8-AC83-4181-ACA5-81793B628124}.Debug|Any CPU.Build.0 = Debug|Any CPU
		{31A516A8-AC83-4181-ACA5-81793B628124}.Release|Any CPU.ActiveCfg = Release|Any CPU
		{31A516A8-AC83-4181-ACA5-81793B628124}.Release|Any CPU.Build.0 = Release|Any CPU
	EndGlobalSection
	GlobalSection(SolutionProperties) = preSolution
		HideSolutionNode = FALSE
	EndGlobalSection
	GlobalSection(ExtensibilityGlobals) = postSolution
		SolutionGuid = {D5D01104-ADDD-4F45-A320-984DBE779546}
	EndGlobalSection
EndGlobal
